<?xml version="1.0" encoding="utf-8"?>
<Project ToolsVersion="4.0" xmlns="http://schemas.microsoft.com/developer/msbuild/2003">
  <ItemGroup>
    <Filter Include="Source Files">
      <UniqueIdentifier>{4FC737F1-C7A5-4376-A066-2A32D752A2FF}</UniqueIdentifier>
      <Extensions>cpp;c;cc;cxx;c++;cppm;ixx;def;odl;idl;hpj;bat;asm;asmx</Extensions>
    </Filter>
    <Filter Include="Header Files">
      <UniqueIdentifier>{93995380-89BD-4b04-88EB-625FBE52EBFB}</UniqueIdentifier>
      <Extensions>h;hh;hpp;hxx;h++;hm;inl;inc;ipp;xsd</Extensions>
    </Filter>
    <Filter Include="Resource Files">
      <UniqueIdentifier>{67DA6AB6-F800-4c08-8B7A-83BB121AAD01}</UniqueIdentifier>
      <Extensions>rc;ico;cur;bmp;dlg;rc2;rct;bin;rgs;gif;jpg;jpeg;jpe;resx;tiff;tif;png;wav;mfcribbon-ms</Extensions>
    </Filter>
    <Filter Include="Header Files\Domain">
      <UniqueIdentifier>{71128d1e-2989-41f1-9135-94f6e17e9aad}</UniqueIdentifier>
    </Filter>
    <Filter Include="Header Files\Repository">
      <UniqueIdentifier>{9c5d713c-d48b-48f3-9109-852fed38ab74}</UniqueIdentifier>
    </Filter>
    <Filter Include="Header Files\Service">
      <UniqueIdentifier>{60d6fbf9-3444-461d-a0fd-3e153eb9e05d}</UniqueIdentifier>
    </Filter>
    <Filter Include="Header Files\UI">
      <UniqueIdentifier>{58789e44-b6e8-462b-8e38-43b4e54214d2}</UniqueIdentifier>
    </Filter>
  </ItemGroup>
  <ItemGroup>
    <ClInclude Include="carte.h">
      <Filter>Header Files\Domain</Filter>
    </ClInclude>
    <ClInclude Include="carte_repo.h">
      <Filter>Header Files\Repository</Filter>
    </ClInclude>
    <ClInclude Include="biblioteca.h">
      <Filter>Header Files\Service</Filter>
    </ClInclude>
    <ClInclude Include="validator.h">
      <Filter>Header Files\Domain</Filter>
    </ClInclude>
    <ClInclude Include="console.h">
      <Filter>Header Files\UI</Filter>
    </ClInclude>
  </ItemGroup>
  <ItemGroup>
    <ClCompile Include="carte.cpp">
      <Filter>Source Files</Filter>
    </ClCompile>
    <ClCompile Include="carte_repo.cpp">
      <Filter>Source Files</Filter>
    </ClCompile>
    <ClCompile Include="biblioteca.cpp">
      <Filter>Source Files</Filter>
    </ClCompile>
    <ClCompile Include="validator.cpp">
      <Filter>Source Files</Filter>
    </ClCompile>
    <ClCompile Include="console.cpp">
      <Filter>Source Files</Filter>
    </ClCompile>
    <ClCompile Include="main.cpp">
      <Filter>Source Files</Filter>
    </ClCompile>
  </ItemGroup>
</Project>